
Microsoft Visual Studio Solution File, Format Version 12.00
# Visual Studio Version 16
VisualStudioVersion = 16.0.33214.272
MinimumVisualStudioVersion = 10.0.40219.1
Project("{FAE04EC0-301F-11D3-BF4B-00C04F79EFBC}") = "stack", "stack\stack.csproj", "{DDF4704E-9059-416A-B1AA-E93479B73953}"
EndProject
Global
	GlobalSection(SolutionConfigurationPlatforms) = preSolution
		Debug|Any CPU = Debug|Any CPU
		Release|Any CPU = Release|Any CPU
	EndGlobalSection
	GlobalSection(ProjectConfigurationPlatforms) = postSolution
		{DDF4704E-9059-416A-B1AA-E93479B73953}.Debug|Any CPU.ActiveCfg = Debug|Any CPU
		{DDF4704E-9059-416A-B1AA-E93479B73953}.Debug|Any CPU.Build.0 = Debug|Any CPU
		{DDF4704E-9059-416A-B1AA-E93479B73953}.Release|Any CPU.ActiveCfg = Release|Any CPU
		{DDF4704E-9059-416A-B1AA-E93479B73953}.Release|Any CPU.Build.0 = Release|Any CPU
	EndGlobalSection
	GlobalSection(SolutionProperties) = preSolution
		HideSolutionNode = FALSE
	EndGlobalSection
	GlobalSection(ExtensibilityGlobals) = postSolution
		SolutionGuid = {3F43A6BC-D54F-474D-9E8A-5C0140BED491}
	EndGlobalSection
EndGlobal
